
Microsoft Visual Studio Solution File, Format Version 12.00
# Visual Studio 14
VisualStudioVersion = 14.0.25420.1
MinimumVisualStudioVersion = 10.0.40219.1
Project("{FAE04EC0-301F-11D3-BF4B-00C04F79EFBC}") = "Motivation.Site", "Motivation.Site\Motivation.Site.csproj", "{FEEF3086-89D5-492B-B229-E111103C032C}"
EndProject
Project("{2150E333-8FDC-42A3-9474-1A3956D46DE8}") = "Data", "Data", "{FB3E8E73-4959-4429-B9AA-3E44862ADE4D}"
EndProject
Project("{FAE04EC0-301F-11D3-BF4B-00C04F79EFBC}") = "Motivation.Data", "Motivation.Data\Motivation.Data.csproj", "{AFB26C64-84A6-47AF-9826-9EEA36A0C39F}"
EndProject
Project("{FAE04EC0-301F-11D3-BF4B-00C04F79EFBC}") = "Motivation.Data.Migrations", "Motivation.Data.Migrations\Motivation.Data.Migrations.csproj", "{6AD474BB-CDB9-4A66-A57E-DE18F828C4E7}"
EndProject
Global
	GlobalSection(SolutionConfigurationPlatforms) = preSolution
		Debug|Any CPU = Debug|Any CPU
		Release|Any CPU = Release|Any CPU
	EndGlobalSection
	GlobalSection(ProjectConfigurationPlatforms) = postSolution
		{FEEF3086-89D5-492B-B229-E111103C032C}.Debug|Any CPU.ActiveCfg = Debug|Any CPU
		{FEEF3086-89D5-492B-B229-E111103C032C}.Debug|Any CPU.Build.0 = Debug|Any CPU
		{FEEF3086-89D5-492B-B229-E111103C032C}.Release|Any CPU.ActiveCfg = Release|Any CPU
		{FEEF3086-89D5-492B-B229-E111103C032C}.Release|Any CPU.Build.0 = Release|Any CPU
		{AFB26C64-84A6-47AF-9826-9EEA36A0C39F}.Debug|Any CPU.ActiveCfg = Debug|Any CPU
		{AFB26C64-84A6-47AF-9826-9EEA36A0C39F}.Debug|Any CPU.Build.0 = Debug|Any CPU
		{AFB26C64-84A6-47AF-9826-9EEA36A0C39F}.Release|Any CPU.ActiveCfg = Release|Any CPU
		{AFB26C64-84A6-47AF-9826-9EEA36A0C39F}.Release|Any CPU.Build.0 = Release|Any CPU
		{6AD474BB-CDB9-4A66-A57E-DE18F828C4E7}.Debug|Any CPU.ActiveCfg = Debug|Any CPU
		{6AD474BB-CDB9-4A66-A57E-DE18F828C4E7}.Debug|Any CPU.Build.0 = Debug|Any CPU
		{6AD474BB-CDB9-4A66-A57E-DE18F828C4E7}.Release|Any CPU.ActiveCfg = Release|Any CPU
		{6AD474BB-CDB9-4A66-A57E-DE18F828C4E7}.Release|Any CPU.Build.0 = Release|Any CPU
	EndGlobalSection
	GlobalSection(SolutionProperties) = preSolution
		HideSolutionNode = FALSE
	EndGlobalSection
	GlobalSection(NestedProjects) = preSolution
		{AFB26C64-84A6-47AF-9826-9EEA36A0C39F} = {FB3E8E73-4959-4429-B9AA-3E44862ADE4D}
		{6AD474BB-CDB9-4A66-A57E-DE18F828C4E7} = {FB3E8E73-4959-4429-B9AA-3E44862ADE4D}
	EndGlobalSection
EndGlobal
